{
    "_meta": {
        "hash": {
            "sha256": "5d0ef280f48b8b9df93e685328e4e15cdc6b8d1a9c52c892a3364746d677cb88"
        },
        "pipfile-spec": 6,
        "requires": {
            "python_version": "3.10"
        },
        "sources": [
            {
                "name": "pypi",
                "url": "https://pypi.org/simple",
                "verify_ssl": true
            }
        ]
    },
    "default": {
        "apscheduler": {
            "hashes": [
                "sha256:4c622d250b0955a65d5d0eb91c33e6d43fd879834bf541e0a18661ae60460133",
                "sha256:fc134ca32e50f5eadcc4938e3a4545ab19131435e851abb40b34d63d5141c6da"
            ],
            "markers": "python_version >= '3.8'",
            "version": "==3.11.0"
        },
        "asgiref": {
            "hashes": [
                "sha256:a5ab6582236218e5ef1648f242fd9f10626cfd4de8dc377db215d5d5098e3142",
                "sha256:f3bba7092a48005b5f5bacd747d36ee4a5a61f4a269a6df590b43144355ebd2c"
            ],
            "markers": "python_version >= '3.9'",
            "version": "==3.9.1"
        },
        "attrs": {
            "hashes": [
                "sha256:427318ce031701fea540783410126f03899a97ffc6f61596ad581ac2e40e3bc3",
                "sha256:75d7cefc7fb576747b2c81b4442d4d4a1ce0900973527c011d1030fd3bf4af1b"
            ],
            "markers": "python_version >= '3.8'",
            "version": "==25.3.0"
        },
        "bleach": {
            "hashes": [
                "sha256:117d9c6097a7c3d22fd578fcd8d35ff1e125df6736f554da4e432fdd63f31e5e",
                "sha256:123e894118b8a599fd80d3ec1a6d4cc7ce4e5882b1317a7e1ba69b56e95f991f"
            ],
            "markers": "python_version >= '3.9'",
            "version": "==6.2.0"
        },
        "dj-database-url": {
            "hashes": [
                "sha256:04bc34b248d4c21aaa13e4ab419ae6575ef5f10f3df735ce7da97722caa356e0",
                "sha256:f2042cefe1086e539c9da39fad5ad7f61173bf79665e69bf7e4de55fa88b135f"
            ],
            "index": "pypi",
            "version": "==2.1.0"
        },
        "django": {
            "hashes": [
                "sha256:8c8659665bc6e3a44fefe1ab0a291e5a3fb3979f9a8230be29de975e57e8f854",
                "sha256:f47a37a90b9bbe2c8ec360235192c7fddfdc832206fcf618bb849b39256affc1"
            ],
            "index": "pypi",
            "markers": "python_version >= '3.10'",
            "version": "==5.0.1"
        },
        "django-apscheduler": {
            "hashes": [
                "sha256:60ced2c07b531b0477076dfef2d6de4790a983a4bbd75fae5e387ac360e9c8fd",
                "sha256:d30a05be98e01c12aa50d0a7afd8d0fd529c874d1c75af20891b6417d2f36475"
            ],
            "index": "pypi",
            "version": "==0.6.2"
        },
        "django-filter": {
            "hashes": [
                "sha256:67583aa43b91fe8c49f74a832d95f4d8442be628fd4c6d65e9f811f5153a4e5c",
                "sha256:99122a201d83860aef4fe77758b69dda913e874cc5e0eaa50a86b0b18d708400"
            ],
            "index": "pypi",
            "markers": "python_version >= '3.7'",
            "version": "==23.5"
        },
        "django-jalali-date": {
            "hashes": [
                "sha256:7561058ad4b5b58d959ce01db8835fb826b8dea34c1524063b4aa78e08ac16db"
            ],
            "index": "pypi",
            "markers": "python_version >= '3'",
            "version": "==1.1.0"
        },
        "django-resized": {
            "hashes": [
                "sha256:52d727860f64ef4fdadbe2e74b66231c71c59df4d95949e338fcd320450f77fa",
                "sha256:d55a8d4125838486a1e76ffb689f8364f7d579bc7562b04400065602ec2ba7cc"
            ],
            "index": "pypi",
            "version": "==1.0.2"
        },
        "djangorestframework": {
            "hashes": [
                "sha256:579a333e6256b09489cbe0a067e66abe55c6595d8926be6b99423786334350c8",
                "sha256:eb63f58c9f218e1a7d064d17a70751f528ed4e1d35547fdade9aaf4cd103fd08"
            ],
            "index": "pypi",
            "markers": "python_version >= '3.6'",
            "version": "==3.14.0"
        },
        "djangorestframework-simplejwt": {
            "hashes": [
                "sha256:381bc966aa46913905629d472cd72ad45faa265509764e20ffd440164c88d220",
                "sha256:6c4bd37537440bc439564ebf7d6085e74c5411485197073f508ebdfa34bc9fae"
            ],
            "index": "pypi",
            "markers": "python_version >= '3.8'",
            "version": "==5.3.1"
        },
        "drf-api-logger": {
            "hashes": [
                "sha256:134df3631cba81b6451cf59ac4a4a73eb3fbd20597b09f044a89da62a47aba3c"
            ],
            "index": "pypi",
            "markers": "python_version >= '3.6'",
            "version": "==1.1.15"
        },
        "drf-nested-routers": {
            "hashes": [
                "sha256:1407565abc7bada37c162c7e11bf214ae71625a17fdec6d9a47a17f4a3627d32",
                "sha256:9a6813554020134a02e62f8c2934b2047717f7da06f8b801752c521e43735c63"
            ],
            "index": "pypi",
            "markers": "python_version >= '3.8'",
            "version": "==0.93.5"
        },
        "drf-yasg": {
            "extras": [
                "validation"
            ],
            "hashes": [
                "sha256:4d832e108dfe38e365101c36123576b498487d33bf27d57d6a37efb4cc773438",
                "sha256:f86d50faee3c31fcec4545985a871f832366c7fb5b77b62c48089d56ecf4f8d4"
            ],
            "markers": "python_version >= '3.6'",
            "version": "==1.21.10"
        },
        "importlib-resources": {
            "hashes": [
                "sha256:185f87adef5bcc288449d98fb4fba07cea78bc036455dd44c5fc4a2fe78fed2c",
                "sha256:789cfdc3ed28c78b67a06acb8126751ced69a3d5f79c095a98298cd8a760ccec"
            ],
            "markers": "python_version >= '3.9'",
            "version": "==6.5.2"
        },
        "inflection": {
            "hashes": [
                "sha256:1a29730d366e996aaacffb2f1f1cb9593dc38e2ddd30c91250c6dde09ea9b417",
                "sha256:f38b2b640938a4f35ade69ac3d053042959b62a0f1076a5bbaa1b9526605a8a2"
            ],
            "markers": "python_version >= '3.5'",
            "version": "==0.5.1"
        },
        "jalali-core": {
            "hashes": [
                "sha256:84e6f5090eadfb35234f24fad084be831d00da3c0b238ee001e8a1fd49bf7924",
                "sha256:f4287c70c630323dcf0a3ab26df905ba4d451e230ac1f65b3bb2f77797894a2b"
            ],
            "markers": "python_version >= '3.8'",
            "version": "==1.0.0"
        },
        "jdatetime": {
            "hashes": [
                "sha256:c81d5898717b82b609a3ce2a73f8b8d3230b0c757e5c0de9d6b1acfdc224f551",
                "sha256:d4aa73543e4e6c0e6122b58743773168edee5efe5c5acf05d1dc8c90524ca71c"
            ],
            "markers": "python_version >= '3.9'",
            "version": "==5.2.0"
        },
        "jsonschema": {
            "hashes": [
                "sha256:24c2e8da302de79c8b9382fee3e76b355e44d2a4364bb207159ce10b517bd716",
                "sha256:e63acf5c11762c0e6672ffb61482bdf57f0876684d8d249c0fe2d730d48bc55f"
            ],
            "markers": "python_version >= '3.9'",
            "version": "==4.25.0"
        },
        "jsonschema-specifications": {
            "hashes": [
                "sha256:4653bffbd6584f7de83a67e0d620ef16900b390ddc7939d56684d6c81e33f1af",
                "sha256:630159c9f4dbea161a6a2205c3011cc4f18ff381b189fff48bb39b9bf26ae608"
            ],
            "markers": "python_version >= '3.9'",
            "version": "==2025.4.1"
        },
        "packaging": {
            "hashes": [
                "sha256:29572ef2b1f17581046b3a2227d5c611fb25ec70ca1ba8554b24b0e69331a484",
                "sha256:d443872c98d677bf60f6a1f2f8c1cb748e8fe762d2bf9d3148b5599295b0fc4f"
            ],
            "markers": "python_version >= '3.8'",
            "version": "==25.0"
        },
        "pillow": {
            "hashes": [
                "sha256:aebb6044806f2e16ecc07b2a2637ee1ef67a11840a66752751714a0d924adf72",
                "sha256:e87f0b2c78157e12d7686b27d63c070fd65d994e8ddae6f328e0dcf4a0cd007e"
            ],
            "index": "pypi",
            "markers": "python_version >= '3.8'",
            "version": "==10.2.0"
        },
        "psycopg2-binary": {
            "hashes": [
                "sha256:7f01846810177d829c7692f1f5ada8096762d9172af1b1a28d4ab5b77c923c1c",
                "sha256:876801744b0dee379e4e3c38b76fc89f88834bb15bf92ee07d94acd06ec890a0"
            ],
            "index": "pypi",
            "markers": "python_version >= '3.7'",
            "version": "==2.9.9"
        },
        "pyjwt": {
            "hashes": [
                "sha256:3cc5772eb20009233caf06e9d8a0577824723b44e6648ee0a2aedb6cf9381953",
                "sha256:dcdd193e30abefd5debf142f9adfcdd2b58004e644f25406ffaebd50bd98dacb"
            ],
            "markers": "python_version >= '3.9'",
            "version": "==2.10.1"
        },
        "python-dotenv": {
            "hashes": [
                "sha256:e324ee90a023d808f1959c46bcbc04446a10ced277783dc6ee09987c37ec10ca",
                "sha256:f7b63ef50f1b690dddf550d03497b66d609393b40b564ed0d674909a68ebf16a"
            ],
            "index": "pypi",
            "markers": "python_version >= '3.8'",
            "version": "==1.0.1"
        },
        "pytz": {
            "hashes": [
                "sha256:360b9e3dbb49a209c21ad61809c7fb453643e048b38924c765813546746e81c3",
                "sha256:5ddf76296dd8c44c26eb8f4b6f35488f3ccbf6fbbd7adee0b7262d43f0ec2f00"
            ],
            "version": "==2025.2"
        },
        "pyyaml": {
            "hashes": [
                "sha256:01179a4a8559ab5de078078f37e5c1a30d76bb88519906844fd7bdea1b7729ff",
                "sha256:0833f8694549e586547b576dcfaba4a6b55b9e96098b36cdc7ebefe667dfed48",
                "sha256:0a9a2848a5b7feac301353437eb7d5957887edbf81d56e903999a75a3d743086",
                "sha256:0b69e4ce7a131fe56b7e4d770c67429700908fc0752af059838b1cfb41960e4e",
                "sha256:0ffe8360bab4910ef1b9e87fb812d8bc0a308b0d0eef8c8f44e0254ab3b07133",
                "sha256:11d8f3dd2b9c1207dcaf2ee0bbbfd5991f571186ec9cc78427ba5bd32afae4b5",
                "sha256:17e311b6c678207928d649faa7cb0d7b4c26a0ba73d41e99c4fff6b6c3276484",
                "sha256:1e2120ef853f59c7419231f3bf4e7021f1b936f6ebd222406c3b60212205d2ee",
                "sha256:1f71ea527786de97d1a0cc0eacd1defc0985dcf6b3f17bb77dcfc8c34bec4dc5",
                "sha256:23502f431948090f597378482b4812b0caae32c22213aecf3b55325e049a6c68",
                "sha256:24471b829b3bf607e04e88d79542a9d48bb037c2267d7927a874e6c205ca7e9a",
                "sha256:29717114e51c84ddfba879543fb232a6ed60086602313ca38cce623c1d62cfbf",
                "sha256:2e99c6826ffa974fe6e27cdb5ed0021786b03fc98e5ee3c5bfe1fd5015f42b99",
                "sha256:39693e1f8320ae4f43943590b49779ffb98acb81f788220ea932a6b6c51004d8",
                "sha256:3ad2a3decf9aaba3d29c8f537ac4b243e36bef957511b4766cb0057d32b0be85",
                "sha256:3b1fdb9dc17f5a7677423d508ab4f243a726dea51fa5e70992e59a7411c89d19",
                "sha256:41e4e3953a79407c794916fa277a82531dd93aad34e29c2a514c2c0c5fe971cc",
                "sha256:43fa96a3ca0d6b1812e01ced1044a003533c47f6ee8aca31724f78e93ccc089a",
                "sha256:50187695423ffe49e2deacb8cd10510bc361faac997de9efef88badc3bb9e2d1",
                "sha256:5ac9328ec4831237bec75defaf839f7d4564be1e6b25ac710bd1a96321cc8317",
                "sha256:5d225db5a45f21e78dd9358e58a98702a0302f2659a3c6cd320564b75b86f47c",
                "sha256:6395c297d42274772abc367baaa79683958044e5d3835486c16da75d2a694631",
                "sha256:688ba32a1cffef67fd2e9398a2efebaea461578b0923624778664cc1c914db5d",
                "sha256:68ccc6023a3400877818152ad9a1033e3db8625d899c72eacb5a668902e4d652",
                "sha256:70b189594dbe54f75ab3a1acec5f1e3faa7e8cf2f1e08d9b561cb41b845f69d5",
                "sha256:797b4f722ffa07cc8d62053e4cff1486fa6dc094105d13fea7b1de7d8bf71c9e",
                "sha256:7c36280e6fb8385e520936c3cb3b8042851904eba0e58d277dca80a5cfed590b",
                "sha256:7e7401d0de89a9a855c839bc697c079a4af81cf878373abd7dc625847d25cbd8",
                "sha256:80bab7bfc629882493af4aa31a4cfa43a4c57c83813253626916b8c7ada83476",
                "sha256:82d09873e40955485746739bcb8b4586983670466c23382c19cffecbf1fd8706",
                "sha256:8388ee1976c416731879ac16da0aff3f63b286ffdd57cdeb95f3f2e085687563",
                "sha256:8824b5a04a04a047e72eea5cec3bc266db09e35de6bdfe34c9436ac5ee27d237",
                "sha256:8b9c7197f7cb2738065c481a0461e50ad02f18c78cd75775628afb4d7137fb3b",
                "sha256:9056c1ecd25795207ad294bcf39f2db3d845767be0ea6e6a34d856f006006083",
                "sha256:936d68689298c36b53b29f23c6dbb74de12b4ac12ca6cfe0e047bedceea56180",
                "sha256:9b22676e8097e9e22e36d6b7bda33190d0d400f345f23d4065d48f4ca7ae0425",
                "sha256:a4d3091415f010369ae4ed1fc6b79def9416358877534caf6a0fdd2146c87a3e",
                "sha256:a8786accb172bd8afb8be14490a16625cbc387036876ab6ba70912730faf8e1f",
                "sha256:a9f8c2e67970f13b16084e04f134610fd1d374bf477b17ec1599185cf611d725",
                "sha256:bc2fa7c6b47d6bc618dd7fb02ef6fdedb1090ec036abab80d4681424b84c1183",
                "sha256:c70c95198c015b85feafc136515252a261a84561b7b1d51e3384e0655ddf25ab",
                "sha256:cc1c1159b3d456576af7a3e4d1ba7e6924cb39de8f67111c735f6fc832082774",
                "sha256:ce826d6ef20b1bc864f0a68340c8b3287705cae2f8b4b1d932177dcc76721725",
                "sha256:d584d9ec91ad65861cc08d42e834324ef890a082e591037abe114850ff7bbc3e",
                "sha256:d7fded462629cfa4b685c5416b949ebad6cec74af5e2d42905d41e257e0869f5",
                "sha256:d84a1718ee396f54f3a086ea0a66d8e552b2ab2017ef8b420e92edbc841c352d",
                "sha256:d8e03406cac8513435335dbab54c0d385e4a49e4945d2909a581c83647ca0290",
                "sha256:e10ce637b18caea04431ce14fabcf5c64a1c61ec9c56b071a4b7ca131ca52d44",
                "sha256:ec031d5d2feb36d1d1a24380e4db6d43695f3748343d99434e6f5f9156aaa2ed",
                "sha256:ef6107725bd54b262d6dedcc2af448a266975032bc85ef0172c5f059da6325b4",
                "sha256:efdca5630322a10774e8e98e1af481aad470dd62c3170801852d752aa7a783ba",
                "sha256:f753120cb8181e736c57ef7636e83f31b9c0d1722c516f7e86cf15b7aa57ff12",
                "sha256:ff3824dc5261f50c9b0dfb3be22b4567a6f938ccce4587b38952d85fd9e9afe4"
            ],
            "markers": "python_version >= '3.8'",
            "version": "==6.0.2"
        },
        "referencing": {
            "hashes": [
                "sha256:df2e89862cd09deabbdba16944cc3f10feb6b3e6f18e902f7cc25609a34775aa",
                "sha256:e8699adbbf8b5c7de96d8ffa0eb5c158b3beafce084968e2ea8bb08c6794dcd0"
            ],
            "markers": "python_version >= '3.9'",
            "version": "==0.36.2"
        },
        "rpds-py": {
            "hashes": [
                "sha256:0919f38f5542c0a87e7b4afcafab6fd2c15386632d249e9a087498571250abe3",
                "sha256:093d63b4b0f52d98ebae33b8c50900d3d67e0666094b1be7a12fffd7f65de74b",
                "sha256:0a0b60701f2300c81b2ac88a5fb893ccfa408e1c4a555a77f908a2596eb875a5",
                "sha256:0c71c2f6bf36e61ee5c47b2b9b5d47e4d1baad6426bfed9eea3e858fc6ee8806",
                "sha256:0dc23bbb3e06ec1ea72d515fb572c1fea59695aefbffb106501138762e1e915e",
                "sha256:0dfa6115c6def37905344d56fb54c03afc49104e2ca473d5dedec0f6606913b4",
                "sha256:12bff2ad9447188377f1b2794772f91fe68bb4bbfa5a39d7941fbebdbf8c500f",
                "sha256:1533b7eb683fb5f38c1d68a3c78f5fdd8f1412fa6b9bf03b40f450785a0ab915",
                "sha256:1766b5724c3f779317d5321664a343c07773c8c5fd1532e4039e6cc7d1a815be",
                "sha256:181ef9b6bbf9845a264f9aa45c31836e9f3c1f13be565d0d010e964c661d1e2b",
                "sha256:183f857a53bcf4b1b42ef0f57ca553ab56bdd170e49d8091e96c51c3d69ca696",
                "sha256:191aa858f7d4902e975d4cf2f2d9243816c91e9605070aeb09c0a800d187e323",
                "sha256:1a8b0dd8648709b62d9372fc00a57466f5fdeefed666afe3fea5a6c9539a0331",
                "sha256:1c962145c7473723df9722ba4c058de12eb5ebedcb4e27e7d902920aa3831ee8",
                "sha256:1cc81d14ddfa53d7f3906694d35d54d9d3f850ef8e4e99ee68bc0d1e5fed9a9c",
                "sha256:1d815d48b1804ed7867b539236b6dd62997850ca1c91cad187f2ddb1b7bbef19",
                "sha256:1e6c15d2080a63aaed876e228efe4f814bc7889c63b1e112ad46fdc8b368b9e1",
                "sha256:20ab1ae4fa534f73647aad289003f1104092890849e0266271351922ed5574f8",
                "sha256:20dae58a859b0906f0685642e591056f1e787f3a8b39c8e8749a45dc7d26bdb0",
                "sha256:238e8c8610cb7c29460e37184f6799547f7e09e6a9bdbdab4e8edb90986a2318",
                "sha256:24a4146ccb15be237fdef10f331c568e1b0e505f8c8c9ed5d67759dac58ac246",
                "sha256:257d011919f133a4746958257f2c75238e3ff54255acd5e3e11f3ff41fd14256",
                "sha256:2a343f91b17097c546b93f7999976fd6c9d5900617aa848c81d794e062ab302b",
                "sha256:2abe21d8ba64cded53a2a677e149ceb76dcf44284202d737178afe7ba540c1eb",
                "sha256:2c03c9b0c64afd0320ae57de4c982801271c0c211aa2d37f3003ff5feb75bb04",
                "sha256:2c9c1b92b774b2e68d11193dc39620d62fd8ab33f0a3c77ecdabe19c179cdbc1",
                "sha256:3021933c2cb7def39d927b9862292e0f4c75a13d7de70eb0ab06efed4c508c19",
                "sha256:3100b3090269f3a7ea727b06a6080d4eb7439dca4c0e91a07c5d133bb1727ea7",
                "sha256:313cfcd6af1a55a286a3c9a25f64af6d0e46cf60bc5798f1db152d97a216ff6f",
                "sha256:35e9a70a0f335371275cdcd08bc5b8051ac494dd58bff3bbfb421038220dc871",
                "sha256:38721d4c9edd3eb6670437d8d5e2070063f305bfa2d5aa4278c51cedcd508a84",
                "sha256:390e3170babf42462739a93321e657444f0862c6d722a291accc46f9d21ed04e",
                "sha256:39bfea47c375f379d8e87ab4bb9eb2c836e4f2069f0f65731d85e55d74666387",
                "sha256:3ac51b65e8dc76cf4949419c54c5528adb24fc721df722fd452e5fbc236f5c40",
                "sha256:3c0909c5234543ada2515c05dc08595b08d621ba919629e94427e8e03539c958",
                "sha256:3da5852aad63fa0c6f836f3359647870e21ea96cf433eb393ffa45263a170d44",
                "sha256:3e1157659470aa42a75448b6e943c895be8c70531c43cb78b9ba990778955582",
                "sha256:4019a9d473c708cf2f16415688ef0b4639e07abaa569d72f74745bbeffafa2c7",
                "sha256:43f10b007033f359bc3fa9cd5e6c1e76723f056ffa9a6b5c117cc35720a80292",
                "sha256:49028aa684c144ea502a8e847d23aed5e4c2ef7cadfa7d5eaafcb40864844b7a",
                "sha256:4916dc96489616a6f9667e7526af8fa693c0fdb4f3acb0e5d9f4400eb06a47ba",
                "sha256:4a59e5bc386de021f56337f757301b337d7ab58baa40174fb150accd480bc953",
                "sha256:4b1f66eb81eab2e0ff5775a3a312e5e2e16bf758f7b06be82fb0d04078c7ac51",
                "sha256:4c5fe114a6dd480a510b6d3661d09d67d1622c4bf20660a474507aaee7eeeee9",
                "sha256:4c70c70f9169692b36307a95f3d8c0a9fcd79f7b4a383aad5eaa0e9718b79b37",
                "sha256:4d11382bcaf12f80b51d790dee295c56a159633a8e81e6323b16e55d81ae37e9",
                "sha256:4f01a5d6444a3258b00dc07b6ea4733e26f8072b788bef750baa37b370266137",
                "sha256:4f789e32fa1fb6a7bf890e0124e7b42d1e60d28ebff57fe806719abb75f0e9a3",
                "sha256:4feb7511c29f8442cbbc28149a92093d32e815a28aa2c50d333826ad2a20fdf0",
                "sha256:511d15193cbe013619dd05414c35a7dedf2088fcee93c6bbb7c77859765bd4e8",
                "sha256:519067e29f67b5c90e64fb1a6b6e9d2ec0ba28705c51956637bac23a2f4ddae1",
                "sha256:521ccf56f45bb3a791182dc6b88ae5f8fa079dd705ee42138c76deb1238e554e",
                "sha256:529c8156d7506fba5740e05da8795688f87119cce330c244519cf706a4a3d618",
                "sha256:582462833ba7cee52e968b0341b85e392ae53d44c0f9af6a5927c80e539a8b67",
                "sha256:5963b72ccd199ade6ee493723d18a3f21ba7d5b957017607f815788cef50eaf1",
                "sha256:59b2093224a18c6508d95cfdeba8db9cbfd6f3494e94793b58972933fcee4c6d",
                "sha256:5afaddaa8e8c7f1f7b4c5c725c0070b6eed0228f705b90a1732a48e84350f4e9",
                "sha256:5afea17ab3a126006dc2f293b14ffc7ef3c85336cf451564a0515ed7648033da",
                "sha256:5e09330b21d98adc8ccb2dbb9fc6cb434e8908d4c119aeaa772cb1caab5440a0",
                "sha256:6188de70e190847bb6db3dc3981cbadff87d27d6fe9b4f0e18726d55795cee9b",
                "sha256:68ffcf982715f5b5b7686bdd349ff75d422e8f22551000c24b30eaa1b7f7ae84",
                "sha256:696764a5be111b036256c0b18cd29783fab22154690fc698062fc1b0084b511d",
                "sha256:69a607203441e07e9a8a529cff1d5b73f6a160f22db1097211e6212a68567d11",
                "sha256:69b312fecc1d017b5327afa81d4da1480f51c68810963a7336d92203dbb3d4f1",
                "sha256:69f0c0a3df7fd3a7eec50a00396104bb9a843ea6d45fcc31c2d5243446ffd7a7",
                "sha256:6a1cb5d6ce81379401bbb7f6dbe3d56de537fb8235979843f0d53bc2e9815a79",
                "sha256:6d3498ad0df07d81112aa6ec6c95a7e7b1ae00929fb73e7ebee0f3faaeabad2f",
                "sha256:72a8d9564a717ee291f554eeb4bfeafe2309d5ec0aa6c475170bdab0f9ee8e88",
                "sha256:777c62479d12395bfb932944e61e915741e364c843afc3196b694db3d669fcd0",
                "sha256:77a7711fa562ba2da1aa757e11024ad6d93bad6ad7ede5afb9af144623e5f76a",
                "sha256:79061ba1a11b6a12743a2b0f72a46aa2758613d454aa6ba4f5a265cc48850158",
                "sha256:7a48af25d9b3c15684059d0d1fc0bc30e8eee5ca521030e2bffddcab5be40226",
                "sha256:7ab504c4d654e4a29558eaa5bb8cea5fdc1703ea60a8099ffd9c758472cf913f",
                "sha256:7bdb17009696214c3b66bb3590c6d62e14ac5935e53e929bcdbc5a495987a84f",
                "sha256:7da84c2c74c0f5bc97d853d9e17bb83e2dcafcff0dc48286916001cc114379a1",
                "sha256:801a71f70f9813e82d2513c9a96532551fce1e278ec0c64610992c49c04c2dad",
                "sha256:824e6d3503ab990d7090768e4dfd9e840837bae057f212ff9f4f05ec6d1975e7",
                "sha256:82b165b07f416bdccf5c84546a484cc8f15137ca38325403864bfdf2b5b72f6a",
                "sha256:84cfbd4d4d2cdeb2be61a057a258d26b22877266dd905809e94172dff01a42ae",
                "sha256:84d142d2d6cf9b31c12aa4878d82ed3b2324226270b89b676ac62ccd7df52d08",
                "sha256:87a5531de9f71aceb8af041d72fc4cab4943648d91875ed56d2e629bef6d4c03",
                "sha256:893b022bfbdf26d7bedb083efeea624e8550ca6eb98bf7fea30211ce95b9201a",
                "sha256:894514d47e012e794f1350f076c427d2347ebf82f9b958d554d12819849a369d",
                "sha256:8a7898b6ca3b7d6659e55cdac825a2e58c638cbf335cde41f4619e290dd0ad11",
                "sha256:8ad7fd2258228bf288f2331f0a6148ad0186b2e3643055ed0db30990e59817a6",
                "sha256:92c8db839367ef16a662478f0a2fe13e15f2227da3c1430a782ad0f6ee009ec9",
                "sha256:941c1cfdf4799d623cf3aa1d326a6b4fdb7a5799ee2687f3516738216d2262fb",
                "sha256:9bc596b30f86dc6f0929499c9e574601679d0341a0108c25b9b358a042f51bca",
                "sha256:9c55b0a669976cf258afd718de3d9ad1b7d1fe0a91cd1ab36f38b03d4d4aeaaf",
                "sha256:9da4e873860ad5bab3291438525cae80169daecbfafe5657f7f5fb4d6b3f96b9",
                "sha256:9def736773fd56b305c0eef698be5192c77bfa30d55a0e5885f80126c4831a15",
                "sha256:9dfbe56b299cf5875b68eb6f0ebaadc9cac520a1989cac0db0765abfb3709c19",
                "sha256:9e851920caab2dbcae311fd28f4313c6953993893eb5c1bb367ec69d9a39e7ed",
                "sha256:9e8cb77286025bdb21be2941d64ac6ca016130bfdcd228739e8ab137eb4406ed",
                "sha256:a547e21c5610b7e9093d870be50682a6a6cf180d6da0f42c47c306073bfdbbf6",
                "sha256:a90a13408a7a856b87be8a9f008fff53c5080eea4e4180f6c2e546e4a972fb5d",
                "sha256:a9a63785467b2d73635957d32a4f6e73d5e4df497a16a6392fa066b753e87387",
                "sha256:aa81873e2c8c5aa616ab8e017a481a96742fdf9313c40f14338ca7dbf50cb55f",
                "sha256:ac64f4b2bdb4ea622175c9ab7cf09444e412e22c0e02e906978b3b488af5fde8",
                "sha256:aea1f9741b603a8d8fedb0ed5502c2bc0accbc51f43e2ad1337fe7259c2b77a5",
                "sha256:b0afb8cdd034150d4d9f53926226ed27ad15b7f465e93d7468caaf5eafae0d37",
                "sha256:b37a04d9f52cb76b6b78f35109b513f6519efb481d8ca4c321f6a3b9580b3f45",
                "sha256:b5f7a446ddaf6ca0fad9a5535b56fbfc29998bf0e0b450d174bbec0d600e1d72",
                "sha256:b6d9e5a2ed9c4988c8f9b28b3bc0e3e5b1aaa10c28d210a594ff3a8c02742daf",
                "sha256:b6e2c12160c72aeda9d1283e612f68804621f448145a210f1bf1d79151c47090",
                "sha256:b818a592bd69bfe437ee8368603d4a2d928c34cffcdf77c2e761a759ffd17d20",
                "sha256:c1851f429b822831bd2edcbe0cfd12ee9ea77868f8d3daf267b189371671c80e",
                "sha256:c1fb0cda2abcc0ac62f64e2ea4b4e64c57dfd6b885e693095460c61bde7bb18e",
                "sha256:c5ab0ee51f560d179b057555b4f601b7df909ed31312d301b99f8b9fc6028284",
                "sha256:c70d9ec912802ecfd6cd390dadb34a9578b04f9bcb8e863d0a7598ba5e9e7ccc",
                "sha256:c741107203954f6fc34d3066d213d0a0c40f7bb5aafd698fb39888af277c70d8",
                "sha256:ca3f059f4ba485d90c8dc75cb5ca897e15325e4e609812ce57f896607c1c0867",
                "sha256:caf51943715b12af827696ec395bfa68f090a4c1a1d2509eb4e2cb69abbbdb33",
                "sha256:cb28c1f569f8d33b2b5dcd05d0e6ef7005d8639c54c2f0be824f05aedf715255",
                "sha256:cdad4ea3b4513b475e027be79e5a0ceac8ee1c113a1a11e5edc3c30c29f964d8",
                "sha256:cf47cfdabc2194a669dcf7a8dbba62e37a04c5041d2125fae0233b720da6f05c",
                "sha256:d04cab0a54b9dba4d278fe955a1390da3cf71f57feb78ddc7cb67cbe0bd30323",
                "sha256:d422b945683e409000c888e384546dbab9009bb92f7c0b456e217988cf316107",
                "sha256:d80bf832ac7b1920ee29a426cdca335f96a2b5caa839811803e999b41ba9030d",
                "sha256:da619979df60a940cd434084355c514c25cf8eb4cf9a508510682f6c851a4f7a",
                "sha256:dafd4c44b74aa4bed4b250f1aed165b8ef5de743bcca3b88fc9619b6087093d2",
                "sha256:dca83c498b4650a91efcf7b88d669b170256bf8017a5db6f3e06c2bf031f57e0",
                "sha256:de2713f48c1ad57f89ac25b3cb7daed2156d8e822cf0eca9b96a6f990718cc41",
                "sha256:de4ed93a8c91debfd5a047be327b7cc8b0cc6afe32a716bbbc4aedca9e2a83af",
                "sha256:df52098cde6d5e02fa75c1f6244f07971773adb4a26625edd5c18fee906fa84d",
                "sha256:dfbf280da5f876d0b00c81f26bedce274e72a678c28845453885a9b3c22ae632",
                "sha256:e3730a48e5622e598293eee0762b09cff34dd3f271530f47b0894891281f051d",
                "sha256:e5162afc9e0d1f9cae3b577d9c29ddbab3505ab39012cb794d94a005825bde21",
                "sha256:e5d524d68a474a9688336045bbf76cb0def88549c1b2ad9dbfec1fb7cfbe9170",
                "sha256:e99685fc95d386da368013e7fb4269dd39c30d99f812a8372d62f244f662709c",
                "sha256:ea89a2458a1a75f87caabefe789c87539ea4e43b40f18cff526052e35bbb4fdf",
                "sha256:ec671691e72dff75817386aa02d81e708b5a7ec0dec6669ec05213ff6b77e1bd",
                "sha256:eed5ac260dd545fbc20da5f4f15e7efe36a55e0e7cf706e4ec005b491a9546a0",
                "sha256:f14440b9573a6f76b4ee4770c13f0b5921f71dde3b6fcb8dabbefd13b7fe05d7",
                "sha256:f405c93675d8d4c5ac87364bb38d06c988e11028a64b52a47158a355079661f3",
                "sha256:f53ec51f9d24e9638a40cabb95078ade8c99251945dad8d57bf4aabe86ecee35",
                "sha256:f61a9326f80ca59214d1cceb0a09bb2ece5b2563d4e0cd37bfd5515c28510674",
                "sha256:f7bf2496fa563c046d05e4d232d7b7fd61346e2402052064b773e5c378bf6f73",
                "sha256:fbaa70553ca116c77717f513e08815aec458e6b69a028d4028d403b3bc84ff37",
                "sha256:fc3e55a7db08dc9a6ed5fb7103019d2c1a38a349ac41901f9f66d7f95750942f",
                "sha256:fc921b96fa95a097add244da36a1d9e4f3039160d1d30f1b35837bf108c21136",
                "sha256:fd0641abca296bc1a00183fe44f7fced8807ed49d501f188faa642d0e4975b83",
                "sha256:feac1045b3327a45944e7dcbeb57530339f6b17baff154df51ef8b0da34c8c12",
                "sha256:ff110acded3c22c033e637dd8896e411c7d3a11289b2edf041f86663dbc791e9"
            ],
            "markers": "python_version >= '3.9'",
            "version": "==0.26.0"
        },
        "sqlparse": {
            "hashes": [
                "sha256:09f67787f56a0b16ecdbde1bfc7f5d9c3371ca683cfeaa8e6ff60b4807ec9272",
                "sha256:cf2196ed3418f3ba5de6af7e82c694a9fbdbfecccdfc72e281548517081f16ca"
            ],
            "markers": "python_version >= '3.8'",
            "version": "==0.5.3"
        },
        "swagger-spec-validator": {
            "hashes": [
                "sha256:1a2a4f4f7076479ae7835d892dd53952ccca9414efa172c440c775cf0ac01f48",
                "sha256:637ac6d865270bfcd07df24605548e6e1f1d9c39adcfd855da37fa3fdebfed4b"
            ],
            "version": "==3.0.4"
        },
        "typing-extensions": {
            "hashes": [
                "sha256:38b39f4aeeab64884ce9f74c94263ef78f3c22467c8724005483154c26648d36",
                "sha256:d1e1e3b58374dc93031d6eda2420a48ea44a36c2b4766a4fdeb3710755731d76"
            ],
            "markers": "python_version >= '3.9'",
            "version": "==4.14.1"
        },
        "tzdata": {
            "hashes": [
                "sha256:1a403fada01ff9221ca8044d701868fa132215d84beb92242d9acd2147f667a8",
                "sha256:b60a638fcc0daffadf82fe0f57e53d06bdec2f36c4df66280ae79bce6bd6f2b9"
            ],
            "markers": "sys_platform == 'win32'",
            "version": "==2025.2"
        },
        "tzlocal": {
            "hashes": [
                "sha256:cceffc7edecefea1f595541dbd6e990cb1ea3d19bf01b2809f362a03dd7921fd",
                "sha256:eb1a66c3ef5847adf7a834f1be0800581b683b5608e74f86ecbcef8ab91bb85d"
            ],
            "markers": "python_version >= '3.9'",
            "version": "==5.3.1"
        },
        "uritemplate": {
            "hashes": [
                "sha256:480c2ed180878955863323eea31b0ede668795de182617fef9c6ca09e6ec9d0e",
                "sha256:962201ba1c4edcab02e60f9a0d3821e82dfc5d2d6662a21abd533879bdb8a686"
            ],
            "markers": "python_version >= '3.9'",
            "version": "==4.2.0"
        },
        "webencodings": {
            "hashes": [
                "sha256:a0af1213f3c2226497a97e2b3aa01a7e4bee4f403f95be16fc9acd2947514a78",
                "sha256:b36a1c245f2d304965eb4e0a82848379241dc04b865afcc4aab16748587e1923"
            ],
            "version": "==0.5.1"
        }
    },
    "develop": {}
}
